// !$*UTF8*$!
{
	archiveVersion = 1;
	classes = {
	};
	objectVersion = 50;
	objects = {

/* Begin PBXBuildFile section */
		3ACDDD1D250C96BD0005E328 /* AppDelegate.swift in Sources */ = {isa = PBXBuildFile; fileRef = 3ACDDD1C250C96BD0005E328 /* AppDelegate.swift */; };
		3ACDDD1F250C96BD0005E328 /* SceneDelegate.swift in Sources */ = {isa = PBXBuildFile; fileRef = 3ACDDD1E250C96BD0005E328 /* SceneDelegate.swift */; };
		3ACDDD21250C96BD0005E328 /* ViewController.swift in Sources */ = {isa = PBXBuildFile; fileRef = 3ACDDD20250C96BD0005E328 /* ViewController.swift */; };
		3ACDDD24250C96BD0005E328 /* Main.storyboard in Resources */ = {isa = PBXBuildFile; fileRef = 3ACDDD22250C96BD0005E328 /* Main.storyboard */; };
		3ACDDD26250C96C10005E328 /* Assets.xcassets in Resources */ = {isa = PBXBuildFile; fileRef = 3ACDDD25250C96C10005E328 /* Assets.xcassets */; };
		3ACDDD29250C96C10005E328 /* LaunchScreen.storyboard in Resources */ = {isa = PBXBuildFile; fileRef = 3ACDDD27250C96C10005E328 /* LaunchScreen.storyboard */; };
/* End PBXBuildFile section */

/* Begin PBXFileReference section */
		3ACDDD19250C96BD0005E328 /* AlamoFisher.app */ = {isa = PBXFileReference; explicitFileType = wrapper.application; includeInIndex = 0; path = AlamoFisher.app; sourceTree = BUILT_PRODUCTS_DIR; };
		3ACDDD1C250C96BD0005E328 /* AppDelegate.swift */ = {isa = PBXFileReference; lastKnownFileType = sourcecode.swift; path = AppDelegate.swift; sourceTree = "<group>"; };
		3ACDDD1E250C96BD0005E328 /* SceneDelegate.swift */ = {isa = PBXFileReference; lastKnownFileType = sourcecode.swift; path = SceneDelegate.swift; sourceTree = "<group>"; };
		3ACDDD20250C96BD0005E328 /* ViewController.swift */ = {isa = PBXFileReference; lastKnownFileType = sourcecode.swift; path = ViewController.swift; sourceTree = "<group>"; };
		3ACDDD23250C96BD0005E328 /* Base */ = {isa = PBXFileReference; lastKnownFileType = file.storyboard; name = Base; path = Base.lproj/Main.storyboard; sourceTree = "<group>"; };
		3ACDDD25250C96C10005E328 /* Assets.xcassets */ = {isa = PBXFileReference; lastKnownFileType = folder.assetcatalog; path = Assets.xcassets; sourceTree = "<group>"; };
		3ACDDD28250C96C10005E328 /* Base */ = {isa = PBXFileReference; lastKnownFileType = file.storyboard; name = Base; path = Base.lproj/LaunchScreen.storyboard; sourceTree = "<group>"; };
		3ACDDD2A250C96C10005E328 /* Info.plist */ = {isa = PBXFileReference; lastKnownFileType = text.plist.xml; path = Info.plist; sourceTree = "<group>"; };
/* End PBXFileReference section */

/* Begin PBXFrameworksBuildPhase section */
		3ACDDD16250C96BD0005E328 /* Frameworks */ = {
			isa = PBXFrameworksBuildPhase;
			buildActionMask = 2147483647;
			files = (
			);
			runOnlyForDeploymentPostprocessing = 0;
		};
/* End PBXFrameworksBuildPhase section */

/* Begin PBXGroup section */
		3ACDDD10250C96BD0005E328 = {
			isa = PBXGroup;
			children = (
				3ACDDD1B250C96BD0005E328 /* AlamoFisher */,
				3ACDDD1A250C96BD0005E328 /* Products */,
			);
			sourceTree = "<group>";
		};
		3ACDDD1A250C96BD0005E328 /* Products */ = {
			isa = PBXGroup;
			children = (
				3ACDDD19250C96BD0005E328 /* AlamoFisher.app */,
			);
			name = Products;
			sourceTree = "<group>";
		};
		3ACDDD1B250C96BD0005E328 /* AlamoFisher */ = {
			isa = PBXGroup;
			children = (
				3ACDDD1C250C96BD0005E328 /* AppDelegate.swift */,
				3ACDDD1E250C96BD0005E328 /* SceneDelegate.swift */,
				3ACDDD20250C96BD0005E328 /* ViewController.swift */,
				3ACDDD22250C96BD0005E328 /* Main.storyboard */,
				3ACDDD25250C96C10005E328 /* Assets.xcassets */,
				3ACDDD27250C96C10005E328 /* LaunchScreen.storyboard */,
				3ACDDD2A250C96C10005E328 /* Info.plist */,
			);
			path = AlamoFisher;
			sourceTree = "<group>";
		};
/* End PBXGroup section */

/* Begin PBXNativeTarget section */
		3ACDDD18250C96BD0005E328 /* AlamoFisher */ = {
			isa = PBXNativeTarget;
			buildConfigurationList = 3ACDDD2D250C96C10005E328 /* Build configuration list for PBXNativeTarget "AlamoFisher" */;
			buildPhases = (
				3ACDDD15250C96BD0005E328 /* Sources */,
				3ACDDD16250C96BD0005E328 /* Frameworks */,
				3ACDDD17250C96BD0005E328 /* Resources */,
			);
			buildRules = (
			);
			dependencies = (
			);
			name = AlamoFisher;
			productName = AlamoFisher;
			productReference = 3ACDDD19250C96BD0005E328 /* AlamoFisher.app */;
			productType = "com.apple.product-type.application";
		};
/* End PBXNativeTarget section */

/* Begin PBXProject section */
		3ACDDD11250C96BD0005E328 /* Project object */ = {
			isa = PBXProject;
			attributes = {
				LastSwiftUpdateCheck = 1150;
				LastUpgradeCheck = 1150;
				ORGANIZATIONNAME = "Harsh Patel";
				TargetAttributes = {
					3ACDDD18250C96BD0005E328 = {
						CreatedOnToolsVersion = 11.5;
					};
				};
			};
			buildConfigurationList = 3ACDDD14250C96BD0005E328 /* Build configuration list for PBXProject "AlamoFisher" */;
			compatibilityVersion = "Xcode 9.3";
			developmentRegion = en;
			hasScannedForEncodings = 0;
			knownRegions = (
				en,
				Base,
			);
			mainGroup = 3ACDDD10250C96BD0005E328;
			productRefGroup = 3ACDDD1A250C96BD0005E328 /* Products */;
			projectDirPath = "";
			projectRoot = "";
			targets = (
				3ACDDD18250C96BD0005E328 /* AlamoFisher */,
			);
		};
/* End PBXProject section */

/* Begin PBXResourcesBuildPhase section */
		3ACDDD17250C96BD0005E328 /* Resources */ = {
			isa = PBXResourcesBuildPhase;
			buildActionMask = 2147483647;
			files = (
				3ACDDD29250C96C10005E328 /* LaunchScreen.storyboard in Resources */,
				3ACDDD26250C96C10005E328 /* Assets.xcassets in Resources */,
				3ACDDD24250C96BD0005E328 /* Main.storyboard in Resources */,
			);
			runOnlyForDeploymentPostprocessing = 0;
		};
/* End PBXResourcesBuildPhase section */

/* Begin PBXSourcesBuildPhase section */
		3ACDDD15250C96BD0005E328 /* Sources */ = {
			isa = PBXSourcesBuildPhase;
			buildActionMask = 2147483647;
			files = (
				3ACDDD21250C96BD0005E328 /* ViewController.swift in Sources */,
				3ACDDD1D250C96BD0005E328 /* AppDelegate.swift in Sources */,
				3ACDDD1F250C96BD0005E328 /* SceneDelegate.swift in Sources */,
			);
			runOnlyForDeploymentPostprocessing = 0;
		};
/* End PBXSourcesBuildPhase section */

/* Begin PBXVariantGroup section */
		3ACDDD22250C96BD0005E328 /* Main.storyboard */ = {
			isa = PBXVariantGroup;
			children = (
				3ACDDD23250C96BD0005E328 /* Base */,
			);
			name = Main.storyboard;
			sourceTree = "<group>";
		};
		3ACDDD27250C96C10005E328 /* LaunchScreen.storyboard */ = {
			isa = PBXVariantGroup;
			children = (
				3ACDDD28250C96C10005E328 /* Base */,
			);
			name = LaunchScreen.storyboard;
			sourceTree = "<group>";
		};
/* End PBXVariantGroup section */

/* Begin XCBuildConfiguration section */
		3ACDDD2B250C96C10005E328 /* Debug */ = {
			isa = XCBuildConfiguration;
			buildSettings = {
				ALWAYS_SEARCH_USER_PATHS = NO;
				CLANG_ANALYZER_NONNULL = YES;
				CLANG_ANALYZER_NUMBER_OBJECT_CONVERSION = YES_AGGRESSIVE;
				CLANG_CXX_LANGUAGE_STANDARD = "gnu++14";
				CLANG_CXX_LIBRARY = "libc++";
				CLANG_ENABLE_MODULES = YES;
				CLANG_ENABLE_OBJC_ARC = YES;
				CLANG_ENABLE_OBJC_WEAK = YES;
				CLANG_WARN_BLOCK_CAPTURE_AUTORELEASING = YES;
				CLANG_WARN_BOOL_CONVERSION = YES;
				CLANG_WARN_COMMA = YES;
				CLANG_WARN_CONSTANT_CONVERSION = YES;
				CLANG_WARN_DEPRECATED_OBJC_IMPLEMENTATIONS = YES;
				CLANG_WARN_DIRECT_OBJC_ISA_USAGE = YES_ERROR;
				CLANG_WARN_DOCUMENTATION_COMMENTS = YES;
				CLANG_WARN_EMPTY_BODY = YES;
				CLANG_WARN_ENUM_CONVERSION = YES;
				CLANG_WARN_INFINITE_RECURSION = YES;
				CLANG_WARN_INT_CONVERSION = YES;
				CLANG_WARN_NON_LITERAL_NULL_CONVERSION = YES;
				CLANG_WARN_OBJC_IMPLICIT_RETAIN_SELF = YES;
				CLANG_WARN_OBJC_LITERAL_CONVERSION = YES;
				CLANG_WARN_OBJC_ROOT_CLASS = YES_ERROR;
				CLANG_WARN_RANGE_LOOP_ANALYSIS = YES;
				CLANG_WARN_STRICT_PROTOTYPES = YES;
				CLANG_WARN_SUSPICIOUS_MOVE = YES;
				CLANG_WARN_UNGUARDED_AVAILABILITY = YES_AGGRESSIVE;
				CLANG_WARN_UNREACHABLE_CODE = YES;
				CLANG_WARN__DUPLICATE_METHOD_MATCH = YES;
				COPY_PHASE_STRIP = NO;
				DEBUG_INFORMATION_FORMAT = dwarf;
				ENABLE_STRICT_OBJC_MSGSEND = YES;
				ENABLE_TESTABILITY = YES;
				GCC_C_LANGUAGE_STANDARD = gnu11;
				GCC_DYNAMIC_NO_PIC = NO;
				GCC_NO_COMMON_BLOCKS = YES;
				GCC_OPTIMIZATION_LEVEL = 0;
				GCC_PREPROCESSOR_DEFINITIONS = (
					"DEBUG=1",
					"$(inherited)",
				);
				GCC_WARN_64_TO_32_BIT_CONVERSION = YES;
				GCC_WARN_ABOUT_RETURN_TYPE = YES_ERROR;
				GCC_WARN_UNDECLARED_SELECTOR = YES;
				GCC_WARN_UNINITIALIZED_AUTOS = YES_AGGRESSIVE;
				GCC_WARN_UNUSED_FUNCTION = YES;
				GCC_WARN_UNUSED_VARIABLE = YES;
				IPHONEOS_DEPLOYMENT_TARGET = 13.5;
				MTL_ENABLE_DEBUG_INFO = INCLUDE_SOURCE;
				MTL_FAST_MATH = YES;
				ONLY_ACTIVE_ARCH = YES;
				SDKROOT = iphoneos;
				SWIFT_ACTIVE_COMPILATION_CONDITIONS = DEBUG;
				SWIFT_OPTIMIZATION_LEVEL = "-Onone";
			};
			name = Debug;
		};
		3ACDDD2C250C96C10005E328 /* Release */ = {
			isa = XCBuildConfiguration;
			buildSettings = {
				ALWAYS_SEARCH_USER_PATHS = NO;
				CLANG_ANALYZER_NONNULL = YES;
				CLANG_ANALYZER_NUMBER_OBJECT_CONVERSION = YES_AGGRESSIVE;
				CLANG_CXX_LANGUAGE_STANDARD = "gnu++14";
				CLANG_CXX_LIBRARY = "libc++";
				CLANG_ENABLE_MODULES = YES;
				CLANG_ENABLE_OBJC_ARC = YES;
				CLANG_ENABLE_OBJC_WEAK = YES;
				CLANG_WARN_BLOCK_CAPTURE_AUTORELEASING = YES;
				CLANG_WARN_BOOL_CONVERSION = YES;
				CLANG_WARN_COMMA = YES;
				CLANG_WARN_CONSTANT_CONVERSION = YES;
				CLANG_WARN_DEPRECATED_OBJC_IMPLEMENTATIONS = YES;
				CLANG_WARN_DIRECT_OBJC_ISA_USAGE = YES_ERROR;
				CLANG_WARN_DOCUMENTATION_COMMENTS = YES;
				CLANG_WARN_EMPTY_BODY = YES;
				CLANG_WARN_ENUM_CONVERSION = YES;
				CLANG_WARN_INFINITE_RECURSION = YES;
				CLANG_WARN_INT_CONVERSION = YES;
				CLANG_WARN_NON_LITERAL_NULL_CONVERSION = YES;
				CLANG_WARN_OBJC_IMPLICIT_RETAIN_SELF = YES;
				CLANG_WARN_OBJC_LITERAL_CONVERSION = YES;
				CLANG_WARN_OBJC_ROOT_CLASS = YES_ERROR;
				CLANG_WARN_RANGE_LOOP_ANALYSIS = YES;
				CLANG_WARN_STRICT_PROTOTYPES = YES;
				CLANG_WARN_SUSPICIOUS_MOVE = YES;
				CLANG_WARN_UNGUARDED_AVAILABILITY = YES_AGGRESSIVE;
				CLANG_WARN_UNREACHABLE_CODE = YES;
				CLANG_WARN__DUPLICATE_METHOD_MATCH = YES;
				COPY_PHASE_STRIP = NO;
				DEBUG_INFORMATION_FORMAT = "dwarf-with-dsym";
				ENABLE_NS_ASSERTIONS = NO;
				ENABLE_STRICT_OBJC_MSGSEND = YES;
				GCC_C_LANGUAGE_STANDARD = gnu11;
				GCC_NO_COMMON_BLOCKS = YES;
				GCC_WARN_64_TO_32_BIT_CONVERSION = YES;
				GCC_WARN_ABOUT_RETURN_TYPE = YES_ERROR;
				GCC_WARN_UNDECLARED_SELECTOR = YES;
				GCC_WARN_UNINITIALIZED_AUTOS = YES_AGGRESSIVE;
				GCC_WARN_UNUSED_FUNCTION = YES;
				GCC_WARN_UNUSED_VARIABLE = YES;
				IPHONEOS_DEPLOYMENT_TARGET = 13.5;
				MTL_ENABLE_DEBUG_INFO = NO;
				MTL_FAST_MATH = YES;
				SDKROOT = iphoneos;
				SWIFT_COMPILATION_MODE = wholemodule;
				SWIFT_OPTIMIZATION_LEVEL = "-O";
				VALIDATE_PRODUCT = YES;
			};
			name = Release;
		};
		3ACDDD2E250C96C10005E328 /* Debug */ = {
			isa = XCBuildConfiguration;
			buildSettings = {
				ASSETCATALOG_COMPILER_APPICON_NAME = AppIcon;
				CODE_SIGN_STYLE = Automatic;
				DEVELOPMENT_TEAM = 379AJZM28H;
				INFOPLIST_FILE = AlamoFisher/Info.plist;
				LD_RUNPATH_SEARCH_PATHS = (
					"$(inherited)",
					"@executable_path/Frameworks",
				);
				PRODUCT_BUNDLE_IDENTIFIER = com.harshpatel.AlamoFisher;
				PRODUCT_NAME = "$(TARGET_NAME)";
				SWIFT_VERSION = 5.0;
				TARGETED_DEVICE_FAMILY = "1,2";
			};
			name = Debug;
		};
		3ACDDD2F250C96C10005E328 /* Release */ = {
			isa = XCBuildConfiguration;
			buildSettings = {
				ASSETCATALOG_COMPILER_APPICON_NAME = AppIcon;
				CODE_SIGN_STYLE = Automatic;
				DEVELOPMENT_TEAM = 379AJZM28H;
				INFOPLIST_FILE = AlamoFisher/Info.plist;
				LD_RUNPATH_SEARCH_PATHS = (
					"$(inherited)",
					"@executable_path/Frameworks",
				);
				PRODUCT_BUNDLE_IDENTIFIER = com.harshpatel.AlamoFisher;
				PRODUCT_NAME = "$(TARGET_NAME)";
				SWIFT_VERSION = 5.0;
				TARGETED_DEVICE_FAMILY = "1,2";
			};
			name = Release;
		};
/* End XCBuildConfiguration section */

/* Begin XCConfigurationList section */
		3ACDDD14250C96BD0005E328 /* Build configuration list for PBXProject "AlamoFisher" */ = {
			isa = XCConfigurationList;
			buildConfigurations = (
				3ACDDD2B250C96C10005E328 /* Debug */,
				3ACDDD2C250C96C10005E328 /* Release */,
			);
			defaultConfigurationIsVisible = 0;
			defaultConfigurationName = Release;
		};
		3ACDDD2D250C96C10005E328 /* Build configuration list for PBXNativeTarget "AlamoFisher" */ = {
			isa = XCConfigurationList;
			buildConfigurations = (
				3ACDDD2E250C96C10005E328 /* Debug */,
				3ACDDD2F250C96C10005E328 /* Release */,
			);
			defaultConfigurationIsVisible = 0;
			defaultConfigurationName = Release;
		};
/* End XCConfigurationList section */
	};
	rootObject = 3ACDDD11250C96BD0005E328 /* Project object */;
}
